
Microsoft Visual Studio Solution File, Format Version 12.00
# Visual Studio Version 17
VisualStudioVersion = 17.14.36301.6 d17.14
MinimumVisualStudioVersion = 10.0.40219.1
Project("{C9674DCB-5085-4A16-B785-4C70DD1589BD}") = "Integration Services Project - CICD", "Integration Services Project - CICD.dtproj", "{80210318-801D-8DB6-546B-3CCD60BEA0A8}"
EndProject
Global
	GlobalSection(SolutionConfigurationPlatforms) = preSolution
		Development|Default = Development|Default
	EndGlobalSection
	GlobalSection(ProjectConfigurationPlatforms) = postSolution
		{80210318-801D-8DB6-546B-3CCD60BEA0A8}.Development|Default.ActiveCfg = Development
		{80210318-801D-8DB6-546B-3CCD60BEA0A8}.Development|Default.Build.0 = Development
	EndGlobalSection
	GlobalSection(SolutionProperties) = preSolution
		HideSolutionNode = FALSE
	EndGlobalSection
	GlobalSection(ExtensibilityGlobals) = postSolution
		SolutionGuid = {0D163DF3-9674-4505-BF2E-36B1687BFAAC}
	EndGlobalSection
EndGlobal
